
Microsoft Visual Studio Solution File, Format Version 12.00
# Visual Studio Version 17
VisualStudioVersion = 17.8.34316.72
MinimumVisualStudioVersion = 10.0.40219.1
Project("{9A19103F-16F7-4668-BE54-9A1E7A4F7556}") = "BussyBulkyWeb", "BussyBulkyWeb\BussyBulkyWeb.csproj", "{1B0721F3-DB8B-47A5-B8C6-8AFF6951494A}"
EndProject
Project("{FAE04EC0-301F-11D3-BF4B-00C04F79EFBC}") = "BussyBulky.DataAccess", "BussyBulky.DataAccess\BussyBulky.DataAccess.csproj", "{546B385C-1286-495B-A814-C8726395F3BA}"
EndProject
Project("{FAE04EC0-301F-11D3-BF4B-00C04F79EFBC}") = "BussyBulky.Models", "BussyBulky.Models\BussyBulky.Models.csproj", "{EC56A782-8E10-4C26-A074-17F2A0B51FD1}"
EndProject
Project("{FAE04EC0-301F-11D3-BF4B-00C04F79EFBC}") = "BussyBulky.Utility", "BussyBulky.Utility\BussyBulky.Utility.csproj", "{F77DC11D-B166-4392-9F7B-09359573E4B1}"
EndProject
Global
	GlobalSection(SolutionConfigurationPlatforms) = preSolution
		Debug|Any CPU = Debug|Any CPU
		Release|Any CPU = Release|Any CPU
	EndGlobalSection
	GlobalSection(ProjectConfigurationPlatforms) = postSolution
		{1B0721F3-DB8B-47A5-B8C6-8AFF6951494A}.Debug|Any CPU.ActiveCfg = Debug|Any CPU
		{1B0721F3-DB8B-47A5-B8C6-8AFF6951494A}.Debug|Any CPU.Build.0 = Debug|Any CPU
		{1B0721F3-DB8B-47A5-B8C6-8AFF6951494A}.Release|Any CPU.ActiveCfg = Release|Any CPU
		{1B0721F3-DB8B-47A5-B8C6-8AFF6951494A}.Release|Any CPU.Build.0 = Release|Any CPU
		{546B385C-1286-495B-A814-C8726395F3BA}.Debug|Any CPU.ActiveCfg = Debug|Any CPU
		{546B385C-1286-495B-A814-C8726395F3BA}.Debug|Any CPU.Build.0 = Debug|Any CPU
		{546B385C-1286-495B-A814-C8726395F3BA}.Release|Any CPU.ActiveCfg = Release|Any CPU
		{546B385C-1286-495B-A814-C8726395F3BA}.Release|Any CPU.Build.0 = Release|Any CPU
		{EC56A782-8E10-4C26-A074-17F2A0B51FD1}.Debug|Any CPU.ActiveCfg = Debug|Any CPU
		{EC56A782-8E10-4C26-A074-17F2A0B51FD1}.Debug|Any CPU.Build.0 = Debug|Any CPU
		{EC56A782-8E10-4C26-A074-17F2A0B51FD1}.Release|Any CPU.ActiveCfg = Release|Any CPU
		{EC56A782-8E10-4C26-A074-17F2A0B51FD1}.Release|Any CPU.Build.0 = Release|Any CPU
		{F77DC11D-B166-4392-9F7B-09359573E4B1}.Debug|Any CPU.ActiveCfg = Debug|Any CPU
		{F77DC11D-B166-4392-9F7B-09359573E4B1}.Debug|Any CPU.Build.0 = Debug|Any CPU
		{F77DC11D-B166-4392-9F7B-09359573E4B1}.Release|Any CPU.ActiveCfg = Release|Any CPU
		{F77DC11D-B166-4392-9F7B-09359573E4B1}.Release|Any CPU.Build.0 = Release|Any CPU
	EndGlobalSection
	GlobalSection(SolutionProperties) = preSolution
		HideSolutionNode = FALSE
	EndGlobalSection
	GlobalSection(ExtensibilityGlobals) = postSolution
		SolutionGuid = {65419977-4571-44EA-A7FC-696EDDF77C96}
	EndGlobalSection
EndGlobal
